
Microsoft Visual Studio Solution File, Format Version 12.00
# Visual Studio Version 17
VisualStudioVersion = 17.11.35312.102
MinimumVisualStudioVersion = 10.0.40219.1
Project("{9A19103F-16F7-4668-BE54-9A1E7A4F7556}") = "CoEditor", "CoEditor\CoEditor.csproj", "{AE69801E-DCC9-4EF7-8FB4-D171E11D5C81}"
EndProject
Project("{9A19103F-16F7-4668-BE54-9A1E7A4F7556}") = "CoEditor.Domain", "CoEditor.Domain\CoEditor.Domain.csproj", "{ED798075-6BB9-41CF-A527-9B5F4D853851}"
EndProject
Project("{9A19103F-16F7-4668-BE54-9A1E7A4F7556}") = "CoEditor.Integration", "CoEditor.Integration\CoEditor.Integration.csproj", "{7D8D5E6A-04BB-49D4-807C-2512C1AAFE80}"
EndProject
Project("{FAE04EC0-301F-11D3-BF4B-00C04F79EFBC}") = "CoEditor.Tests", "CoEditor.Tests\CoEditor.Tests.csproj", "{0CFB1F7C-AEF9-41CC-9EA5-D793100D6634}"
EndProject
Global
	GlobalSection(SolutionConfigurationPlatforms) = preSolution
		Debug|Any CPU = Debug|Any CPU
		Release|Any CPU = Release|Any CPU
	EndGlobalSection
	GlobalSection(ProjectConfigurationPlatforms) = postSolution
		{AE69801E-DCC9-4EF7-8FB4-D171E11D5C81}.Debug|Any CPU.ActiveCfg = Debug|Any CPU
		{AE69801E-DCC9-4EF7-8FB4-D171E11D5C81}.Debug|Any CPU.Build.0 = Debug|Any CPU
		{AE69801E-DCC9-4EF7-8FB4-D171E11D5C81}.Release|Any CPU.ActiveCfg = Release|Any CPU
		{AE69801E-DCC9-4EF7-8FB4-D171E11D5C81}.Release|Any CPU.Build.0 = Release|Any CPU
		{ED798075-6BB9-41CF-A527-9B5F4D853851}.Debug|Any CPU.ActiveCfg = Debug|Any CPU
		{ED798075-6BB9-41CF-A527-9B5F4D853851}.Debug|Any CPU.Build.0 = Debug|Any CPU
		{ED798075-6BB9-41CF-A527-9B5F4D853851}.Release|Any CPU.ActiveCfg = Release|Any CPU
		{ED798075-6BB9-41CF-A527-9B5F4D853851}.Release|Any CPU.Build.0 = Release|Any CPU
		{7D8D5E6A-04BB-49D4-807C-2512C1AAFE80}.Debug|Any CPU.ActiveCfg = Debug|Any CPU
		{7D8D5E6A-04BB-49D4-807C-2512C1AAFE80}.Debug|Any CPU.Build.0 = Debug|Any CPU
		{7D8D5E6A-04BB-49D4-807C-2512C1AAFE80}.Release|Any CPU.ActiveCfg = Release|Any CPU
		{7D8D5E6A-04BB-49D4-807C-2512C1AAFE80}.Release|Any CPU.Build.0 = Release|Any CPU
		{0CFB1F7C-AEF9-41CC-9EA5-D793100D6634}.Debug|Any CPU.ActiveCfg = Debug|Any CPU
		{0CFB1F7C-AEF9-41CC-9EA5-D793100D6634}.Debug|Any CPU.Build.0 = Debug|Any CPU
		{0CFB1F7C-AEF9-41CC-9EA5-D793100D6634}.Release|Any CPU.ActiveCfg = Release|Any CPU
		{0CFB1F7C-AEF9-41CC-9EA5-D793100D6634}.Release|Any CPU.Build.0 = Release|Any CPU
	EndGlobalSection
	GlobalSection(SolutionProperties) = preSolution
		HideSolutionNode = FALSE
	EndGlobalSection
	GlobalSection(ExtensibilityGlobals) = postSolution
		SolutionGuid = {79E4E912-A345-4D0B-BFA2-4D768B1F6A92}
	EndGlobalSection
EndGlobal
