
Microsoft Visual Studio Solution File, Format Version 12.00
# Visual Studio Version 17
VisualStudioVersion = 17.11.35312.102
MinimumVisualStudioVersion = 10.0.40219.1
Project("{9A19103F-16F7-4668-BE54-9A1E7A4F7556}") = "CoEditor", "CoEditor\CoEditor.csproj", "{29366BE1-9ED4-4849-9AB1-78C04767357D}"
EndProject
Global
	GlobalSection(SolutionConfigurationPlatforms) = preSolution
		Debug|Any CPU = Debug|Any CPU
		Release|Any CPU = Release|Any CPU
	EndGlobalSection
	GlobalSection(ProjectConfigurationPlatforms) = postSolution
		{29366BE1-9ED4-4849-9AB1-78C04767357D}.Debug|Any CPU.ActiveCfg = Debug|Any CPU
		{29366BE1-9ED4-4849-9AB1-78C04767357D}.Debug|Any CPU.Build.0 = Debug|Any CPU
		{29366BE1-9ED4-4849-9AB1-78C04767357D}.Release|Any CPU.ActiveCfg = Release|Any CPU
		{29366BE1-9ED4-4849-9AB1-78C04767357D}.Release|Any CPU.Build.0 = Release|Any CPU
	EndGlobalSection
	GlobalSection(SolutionProperties) = preSolution
		HideSolutionNode = FALSE
	EndGlobalSection
	GlobalSection(ExtensibilityGlobals) = postSolution
		SolutionGuid = {79E4E912-A345-4D0B-BFA2-4D768B1F6A92}
	EndGlobalSection
EndGlobal
